// !$*UTF8*$!
{
	archiveVersion = 1;
	classes = {
	};
	objectVersion = 55;
	objects = {

/* Begin PBXBuildFile section */
		5688B5D029041AA6001759D9 /* PortfolioAppApp.swift in Sources */ = {isa = PBXBuildFile; fileRef = 5688B5CF29041AA6001759D9 /* PortfolioAppApp.swift */; };
		5688B5D229041AA6001759D9 /* PorfolioView.swift in Sources */ = {isa = PBXBuildFile; fileRef = 5688B5D129041AA6001759D9 /* PorfolioView.swift */; };
		5688B5D429041AA8001759D9 /* Assets.xcassets in Resources */ = {isa = PBXBuildFile; fileRef = 5688B5D329041AA8001759D9 /* Assets.xcassets */; };
		5688B5D729041AA8001759D9 /* Preview Assets.xcassets in Resources */ = {isa = PBXBuildFile; fileRef = 5688B5D629041AA8001759D9 /* Preview Assets.xcassets */; };
		56C8445829041EFD00F082E2 /* Montserrat-Regular.ttf in Resources */ = {isa = PBXBuildFile; fileRef = 56C8444F29041EFC00F082E2 /* Montserrat-Regular.ttf */; };
		56C8445929041EFD00F082E2 /* Montserrat-Bold.ttf in Resources */ = {isa = PBXBuildFile; fileRef = 56C8445029041EFC00F082E2 /* Montserrat-Bold.ttf */; };
		56C8445A29041EFD00F082E2 /* Montserrat-MediumItalic.ttf in Resources */ = {isa = PBXBuildFile; fileRef = 56C8445129041EFC00F082E2 /* Montserrat-MediumItalic.ttf */; };
		56C8445B29041EFD00F082E2 /* Montserrat-Medium.ttf in Resources */ = {isa = PBXBuildFile; fileRef = 56C8445229041EFC00F082E2 /* Montserrat-Medium.ttf */; };
		56C8445C29041EFD00F082E2 /* Montserrat-ThinItalic.ttf in Resources */ = {isa = PBXBuildFile; fileRef = 56C8445329041EFD00F082E2 /* Montserrat-ThinItalic.ttf */; };
		56C8445D29041EFD00F082E2 /* Montserrat-Thin.ttf in Resources */ = {isa = PBXBuildFile; fileRef = 56C8445429041EFD00F082E2 /* Montserrat-Thin.ttf */; };
		56C8445E29041EFD00F082E2 /* Montserrat-SemiBold.ttf in Resources */ = {isa = PBXBuildFile; fileRef = 56C8445529041EFD00F082E2 /* Montserrat-SemiBold.ttf */; };
		56C8445F29041EFD00F082E2 /* Montserrat-Italic.ttf in Resources */ = {isa = PBXBuildFile; fileRef = 56C8445629041EFD00F082E2 /* Montserrat-Italic.ttf */; };
		56C8446029041EFD00F082E2 /* Montserrat-SemiBoldItalic.ttf in Resources */ = {isa = PBXBuildFile; fileRef = 56C8445729041EFD00F082E2 /* Montserrat-SemiBoldItalic.ttf */; };
		56C8446329041F9300F082E2 /* ColorExtentions.swift in Sources */ = {isa = PBXBuildFile; fileRef = 56C8446229041F9300F082E2 /* ColorExtentions.swift */; };
		56C8446629041FFF00F082E2 /* FontManager.swift in Sources */ = {isa = PBXBuildFile; fileRef = 56C8446529041FFF00F082E2 /* FontManager.swift */; };
		56C844682904218100F082E2 /* Portfolio.swift in Sources */ = {isa = PBXBuildFile; fileRef = 56C844672904218100F082E2 /* Portfolio.swift */; };
		56C8446A290422D900F082E2 /* AppModel.swift in Sources */ = {isa = PBXBuildFile; fileRef = 56C84469290422D900F082E2 /* AppModel.swift */; };
		56C8446D290450EE00F082E2 /* HeaderView.swift in Sources */ = {isa = PBXBuildFile; fileRef = 56C8446C290450EE00F082E2 /* HeaderView.swift */; };
		56C8446F2904561600F082E2 /* SkillView.swift in Sources */ = {isa = PBXBuildFile; fileRef = 56C8446E2904561600F082E2 /* SkillView.swift */; };
		56C844722904584A00F082E2 /* SkillsView.swift in Sources */ = {isa = PBXBuildFile; fileRef = 56C844712904584A00F082E2 /* SkillsView.swift */; };
		56C844742904601500F082E2 /* ExperienceView.swift in Sources */ = {isa = PBXBuildFile; fileRef = 56C844732904601500F082E2 /* ExperienceView.swift */; };
		56C844762904628400F082E2 /* ExperiencesView.swift in Sources */ = {isa = PBXBuildFile; fileRef = 56C844752904628400F082E2 /* ExperiencesView.swift */; };
/* End PBXBuildFile section */

/* Begin PBXFileReference section */
		5688B5CC29041AA6001759D9 /* PortfolioApp.app */ = {isa = PBXFileReference; explicitFileType = wrapper.application; includeInIndex = 0; path = PortfolioApp.app; sourceTree = BUILT_PRODUCTS_DIR; };
		5688B5CF29041AA6001759D9 /* PortfolioAppApp.swift */ = {isa = PBXFileReference; lastKnownFileType = sourcecode.swift; path = PortfolioAppApp.swift; sourceTree = "<group>"; };
		5688B5D129041AA6001759D9 /* PorfolioView.swift */ = {isa = PBXFileReference; lastKnownFileType = sourcecode.swift; path = PorfolioView.swift; sourceTree = "<group>"; };
		5688B5D329041AA8001759D9 /* Assets.xcassets */ = {isa = PBXFileReference; lastKnownFileType = folder.assetcatalog; path = Assets.xcassets; sourceTree = "<group>"; };
		5688B5D629041AA8001759D9 /* Preview Assets.xcassets */ = {isa = PBXFileReference; lastKnownFileType = folder.assetcatalog; path = "Preview Assets.xcassets"; sourceTree = "<group>"; };
		5688B5DD29041BDA001759D9 /* Info.plist */ = {isa = PBXFileReference; lastKnownFileType = text.plist.xml; path = Info.plist; sourceTree = "<group>"; };
		56C8444F29041EFC00F082E2 /* Montserrat-Regular.ttf */ = {isa = PBXFileReference; lastKnownFileType = file; path = "Montserrat-Regular.ttf"; sourceTree = "<group>"; };
		56C8445029041EFC00F082E2 /* Montserrat-Bold.ttf */ = {isa = PBXFileReference; lastKnownFileType = file; path = "Montserrat-Bold.ttf"; sourceTree = "<group>"; };
		56C8445129041EFC00F082E2 /* Montserrat-MediumItalic.ttf */ = {isa = PBXFileReference; lastKnownFileType = file; path = "Montserrat-MediumItalic.ttf"; sourceTree = "<group>"; };
		56C8445229041EFC00F082E2 /* Montserrat-Medium.ttf */ = {isa = PBXFileReference; lastKnownFileType = file; path = "Montserrat-Medium.ttf"; sourceTree = "<group>"; };
		56C8445329041EFD00F082E2 /* Montserrat-ThinItalic.ttf */ = {isa = PBXFileReference; lastKnownFileType = file; path = "Montserrat-ThinItalic.ttf"; sourceTree = "<group>"; };
		56C8445429041EFD00F082E2 /* Montserrat-Thin.ttf */ = {isa = PBXFileReference; lastKnownFileType = file; path = "Montserrat-Thin.ttf"; sourceTree = "<group>"; };
		56C8445529041EFD00F082E2 /* Montserrat-SemiBold.ttf */ = {isa = PBXFileReference; lastKnownFileType = file; path = "Montserrat-SemiBold.ttf"; sourceTree = "<group>"; };
		56C8445629041EFD00F082E2 /* Montserrat-Italic.ttf */ = {isa = PBXFileReference; lastKnownFileType = file; path = "Montserrat-Italic.ttf"; sourceTree = "<group>"; };
		56C8445729041EFD00F082E2 /* Montserrat-SemiBoldItalic.ttf */ = {isa = PBXFileReference; lastKnownFileType = file; path = "Montserrat-SemiBoldItalic.ttf"; sourceTree = "<group>"; };
		56C8446229041F9300F082E2 /* ColorExtentions.swift */ = {isa = PBXFileReference; lastKnownFileType = sourcecode.swift; path = ColorExtentions.swift; sourceTree = "<group>"; };
		56C8446529041FFF00F082E2 /* FontManager.swift */ = {isa = PBXFileReference; lastKnownFileType = sourcecode.swift; path = FontManager.swift; sourceTree = "<group>"; };
		56C844672904218100F082E2 /* Portfolio.swift */ = {isa = PBXFileReference; lastKnownFileType = sourcecode.swift; path = Portfolio.swift; sourceTree = "<group>"; };
		56C84469290422D900F082E2 /* AppModel.swift */ = {isa = PBXFileReference; lastKnownFileType = sourcecode.swift; path = AppModel.swift; sourceTree = "<group>"; };
		56C8446C290450EE00F082E2 /* HeaderView.swift */ = {isa = PBXFileReference; lastKnownFileType = sourcecode.swift; path = HeaderView.swift; sourceTree = "<group>"; };
		56C8446E2904561600F082E2 /* SkillView.swift */ = {isa = PBXFileReference; lastKnownFileType = sourcecode.swift; path = SkillView.swift; sourceTree = "<group>"; };
		56C844712904584A00F082E2 /* SkillsView.swift */ = {isa = PBXFileReference; lastKnownFileType = sourcecode.swift; path = SkillsView.swift; sourceTree = "<group>"; };
		56C844732904601500F082E2 /* ExperienceView.swift */ = {isa = PBXFileReference; lastKnownFileType = sourcecode.swift; path = ExperienceView.swift; sourceTree = "<group>"; };
		56C844752904628400F082E2 /* ExperiencesView.swift */ = {isa = PBXFileReference; lastKnownFileType = sourcecode.swift; path = ExperiencesView.swift; sourceTree = "<group>"; };
/* End PBXFileReference section */

/* Begin PBXFrameworksBuildPhase section */
		5688B5C929041AA6001759D9 /* Frameworks */ = {
			isa = PBXFrameworksBuildPhase;
			buildActionMask = 2147483647;
			files = (
			);
			runOnlyForDeploymentPostprocessing = 0;
		};
/* End PBXFrameworksBuildPhase section */

/* Begin PBXGroup section */
		5688B5C329041AA6001759D9 = {
			isa = PBXGroup;
			children = (
				5688B5DD29041BDA001759D9 /* Info.plist */,
				5688B5CE29041AA6001759D9 /* PortfolioApp */,
				5688B5CD29041AA6001759D9 /* Products */,
			);
			sourceTree = "<group>";
		};
		5688B5CD29041AA6001759D9 /* Products */ = {
			isa = PBXGroup;
			children = (
				5688B5CC29041AA6001759D9 /* PortfolioApp.app */,
			);
			name = Products;
			sourceTree = "<group>";
		};
		5688B5CE29041AA6001759D9 /* PortfolioApp */ = {
			isa = PBXGroup;
			children = (
				5688B5E029041D4D001759D9 /* Code */,
				56C8446129041F6100F082E2 /* Extentions */,
				56C8446429041FE000F082E2 /* Utils */,
				5688B5D529041AA8001759D9 /* Preview Content */,
				5688B5D329041AA8001759D9 /* Assets.xcassets */,
				5688B5DF29041D46001759D9 /* Resources */,
			);
			path = PortfolioApp;
			sourceTree = "<group>";
		};
		5688B5D529041AA8001759D9 /* Preview Content */ = {
			isa = PBXGroup;
			children = (
				5688B5D629041AA8001759D9 /* Preview Assets.xcassets */,
			);
			path = "Preview Content";
			sourceTree = "<group>";
		};
		5688B5DF29041D46001759D9 /* Resources */ = {
			isa = PBXGroup;
			children = (
				56C8444E29041E8000F082E2 /* Fonts */,
			);
			path = Resources;
			sourceTree = "<group>";
		};
		5688B5E029041D4D001759D9 /* Code */ = {
			isa = PBXGroup;
			children = (
				5688B5E129041D52001759D9 /* Controller */,
				5688B5E329041D5E001759D9 /* Views */,
				5688B5E429041D63001759D9 /* Services */,
				5688B5E229041D59001759D9 /* Model */,
			);
			path = Code;
			sourceTree = "<group>";
		};
		5688B5E129041D52001759D9 /* Controller */ = {
			isa = PBXGroup;
			children = (
				5688B5CF29041AA6001759D9 /* PortfolioAppApp.swift */,
			);
			path = Controller;
			sourceTree = "<group>";
		};
		5688B5E229041D59001759D9 /* Model */ = {
			isa = PBXGroup;
			children = (
				56C844672904218100F082E2 /* Portfolio.swift */,
			);
			path = Model;
			sourceTree = "<group>";
		};
		5688B5E329041D5E001759D9 /* Views */ = {
			isa = PBXGroup;
			children = (
				56C8446B290450D200F082E2 /* SupportView */,
				5688B5D129041AA6001759D9 /* PorfolioView.swift */,
			);
			path = Views;
			sourceTree = "<group>";
		};
		5688B5E429041D63001759D9 /* Services */ = {
			isa = PBXGroup;
			children = (
				56C84469290422D900F082E2 /* AppModel.swift */,
			);
			path = Services;
			sourceTree = "<group>";
		};
		56C8444E29041E8000F082E2 /* Fonts */ = {
			isa = PBXGroup;
			children = (
				56C8445029041EFC00F082E2 /* Montserrat-Bold.ttf */,
				56C8445629041EFD00F082E2 /* Montserrat-Italic.ttf */,
				56C8445229041EFC00F082E2 /* Montserrat-Medium.ttf */,
				56C8445129041EFC00F082E2 /* Montserrat-MediumItalic.ttf */,
				56C8444F29041EFC00F082E2 /* Montserrat-Regular.ttf */,
				56C8445529041EFD00F082E2 /* Montserrat-SemiBold.ttf */,
				56C8445729041EFD00F082E2 /* Montserrat-SemiBoldItalic.ttf */,
				56C8445429041EFD00F082E2 /* Montserrat-Thin.ttf */,
				56C8445329041EFD00F082E2 /* Montserrat-ThinItalic.ttf */,
			);
			path = Fonts;
			sourceTree = "<group>";
		};
		56C8446129041F6100F082E2 /* Extentions */ = {
			isa = PBXGroup;
			children = (
				56C8446229041F9300F082E2 /* ColorExtentions.swift */,
			);
			path = Extentions;
			sourceTree = "<group>";
		};
		56C8446429041FE000F082E2 /* Utils */ = {
			isa = PBXGroup;
			children = (
				56C8446529041FFF00F082E2 /* FontManager.swift */,
			);
			path = Utils;
			sourceTree = "<group>";
		};
		56C8446B290450D200F082E2 /* SupportView */ = {
			isa = PBXGroup;
			children = (
				56C8446C290450EE00F082E2 /* HeaderView.swift */,
				56C8446E2904561600F082E2 /* SkillView.swift */,
				56C844712904584A00F082E2 /* SkillsView.swift */,
				56C844732904601500F082E2 /* ExperienceView.swift */,
				56C844752904628400F082E2 /* ExperiencesView.swift */,
			);
			path = SupportView;
			sourceTree = "<group>";
		};
/* End PBXGroup section */

/* Begin PBXNativeTarget section */
		5688B5CB29041AA6001759D9 /* PortfolioApp */ = {
			isa = PBXNativeTarget;
			buildConfigurationList = 5688B5DA29041AA8001759D9 /* Build configuration list for PBXNativeTarget "PortfolioApp" */;
			buildPhases = (
				5688B5C829041AA6001759D9 /* Sources */,
				5688B5C929041AA6001759D9 /* Frameworks */,
				5688B5CA29041AA6001759D9 /* Resources */,
			);
			buildRules = (
			);
			dependencies = (
			);
			name = PortfolioApp;
			productName = PortfolioApp;
			productReference = 5688B5CC29041AA6001759D9 /* PortfolioApp.app */;
			productType = "com.apple.product-type.application";
		};
/* End PBXNativeTarget section */

/* Begin PBXProject section */
		5688B5C429041AA6001759D9 /* Project object */ = {
			isa = PBXProject;
			attributes = {
				BuildIndependentTargetsInParallel = 1;
				LastSwiftUpdateCheck = 1320;
				LastUpgradeCheck = 1320;
				TargetAttributes = {
					5688B5CB29041AA6001759D9 = {
						CreatedOnToolsVersion = 13.2;
					};
				};
			};
			buildConfigurationList = 5688B5C729041AA6001759D9 /* Build configuration list for PBXProject "PortfolioApp" */;
			compatibilityVersion = "Xcode 13.0";
			developmentRegion = en;
			hasScannedForEncodings = 0;
			knownRegions = (
				en,
				Base,
			);
			mainGroup = 5688B5C329041AA6001759D9;
			productRefGroup = 5688B5CD29041AA6001759D9 /* Products */;
			projectDirPath = "";
			projectRoot = "";
			targets = (
				5688B5CB29041AA6001759D9 /* PortfolioApp */,
			);
		};
/* End PBXProject section */

/* Begin PBXResourcesBuildPhase section */
		5688B5CA29041AA6001759D9 /* Resources */ = {
			isa = PBXResourcesBuildPhase;
			buildActionMask = 2147483647;
			files = (
				56C8445A29041EFD00F082E2 /* Montserrat-MediumItalic.ttf in Resources */,
				56C8446029041EFD00F082E2 /* Montserrat-SemiBoldItalic.ttf in Resources */,
				56C8445C29041EFD00F082E2 /* Montserrat-ThinItalic.ttf in Resources */,
				56C8445929041EFD00F082E2 /* Montserrat-Bold.ttf in Resources */,
				56C8445829041EFD00F082E2 /* Montserrat-Regular.ttf in Resources */,
				5688B5D729041AA8001759D9 /* Preview Assets.xcassets in Resources */,
				56C8445F29041EFD00F082E2 /* Montserrat-Italic.ttf in Resources */,
				56C8445B29041EFD00F082E2 /* Montserrat-Medium.ttf in Resources */,
				56C8445E29041EFD00F082E2 /* Montserrat-SemiBold.ttf in Resources */,
				56C8445D29041EFD00F082E2 /* Montserrat-Thin.ttf in Resources */,
				5688B5D429041AA8001759D9 /* Assets.xcassets in Resources */,
			);
			runOnlyForDeploymentPostprocessing = 0;
		};
/* End PBXResourcesBuildPhase section */

/* Begin PBXSourcesBuildPhase section */
		5688B5C829041AA6001759D9 /* Sources */ = {
			isa = PBXSourcesBuildPhase;
			buildActionMask = 2147483647;
			files = (
				5688B5D229041AA6001759D9 /* PorfolioView.swift in Sources */,
				56C8446A290422D900F082E2 /* AppModel.swift in Sources */,
				56C844762904628400F082E2 /* ExperiencesView.swift in Sources */,
				56C8446329041F9300F082E2 /* ColorExtentions.swift in Sources */,
				56C844722904584A00F082E2 /* SkillsView.swift in Sources */,
				56C8446629041FFF00F082E2 /* FontManager.swift in Sources */,
				56C8446F2904561600F082E2 /* SkillView.swift in Sources */,
				5688B5D029041AA6001759D9 /* PortfolioAppApp.swift in Sources */,
				56C844682904218100F082E2 /* Portfolio.swift in Sources */,
				56C844742904601500F082E2 /* ExperienceView.swift in Sources */,
				56C8446D290450EE00F082E2 /* HeaderView.swift in Sources */,
			);
			runOnlyForDeploymentPostprocessing = 0;
		};
/* End PBXSourcesBuildPhase section */

/* Begin XCBuildConfiguration section */
		5688B5D829041AA8001759D9 /* Debug */ = {
			isa = XCBuildConfiguration;
			buildSettings = {
				ALWAYS_SEARCH_USER_PATHS = NO;
				CLANG_ANALYZER_NONNULL = YES;
				CLANG_ANALYZER_NUMBER_OBJECT_CONVERSION = YES_AGGRESSIVE;
				CLANG_CXX_LANGUAGE_STANDARD = "gnu++17";
				CLANG_CXX_LIBRARY = "libc++";
				CLANG_ENABLE_MODULES = YES;
				CLANG_ENABLE_OBJC_ARC = YES;
				CLANG_ENABLE_OBJC_WEAK = YES;
				CLANG_WARN_BLOCK_CAPTURE_AUTORELEASING = YES;
				CLANG_WARN_BOOL_CONVERSION = YES;
				CLANG_WARN_COMMA = YES;
				CLANG_WARN_CONSTANT_CONVERSION = YES;
				CLANG_WARN_DEPRECATED_OBJC_IMPLEMENTATIONS = YES;
				CLANG_WARN_DIRECT_OBJC_ISA_USAGE = YES_ERROR;
				CLANG_WARN_DOCUMENTATION_COMMENTS = YES;
				CLANG_WARN_EMPTY_BODY = YES;
				CLANG_WARN_ENUM_CONVERSION = YES;
				CLANG_WARN_INFINITE_RECURSION = YES;
				CLANG_WARN_INT_CONVERSION = YES;
				CLANG_WARN_NON_LITERAL_NULL_CONVERSION = YES;
				CLANG_WARN_OBJC_IMPLICIT_RETAIN_SELF = YES;
				CLANG_WARN_OBJC_LITERAL_CONVERSION = YES;
				CLANG_WARN_OBJC_ROOT_CLASS = YES_ERROR;
				CLANG_WARN_QUOTED_INCLUDE_IN_FRAMEWORK_HEADER = YES;
				CLANG_WARN_RANGE_LOOP_ANALYSIS = YES;
				CLANG_WARN_STRICT_PROTOTYPES = YES;
				CLANG_WARN_SUSPICIOUS_MOVE = YES;
				CLANG_WARN_UNGUARDED_AVAILABILITY = YES_AGGRESSIVE;
				CLANG_WARN_UNREACHABLE_CODE = YES;
				CLANG_WARN__DUPLICATE_METHOD_MATCH = YES;
				COPY_PHASE_STRIP = NO;
				DEBUG_INFORMATION_FORMAT = dwarf;
				ENABLE_STRICT_OBJC_MSGSEND = YES;
				ENABLE_TESTABILITY = YES;
				GCC_C_LANGUAGE_STANDARD = gnu11;
				GCC_DYNAMIC_NO_PIC = NO;
				GCC_NO_COMMON_BLOCKS = YES;
				GCC_OPTIMIZATION_LEVEL = 0;
				GCC_PREPROCESSOR_DEFINITIONS = (
					"DEBUG=1",
					"$(inherited)",
				);
				GCC_WARN_64_TO_32_BIT_CONVERSION = YES;
				GCC_WARN_ABOUT_RETURN_TYPE = YES_ERROR;
				GCC_WARN_UNDECLARED_SELECTOR = YES;
				GCC_WARN_UNINITIALIZED_AUTOS = YES_AGGRESSIVE;
				GCC_WARN_UNUSED_FUNCTION = YES;
				GCC_WARN_UNUSED_VARIABLE = YES;
				IPHONEOS_DEPLOYMENT_TARGET = 15.2;
				MTL_ENABLE_DEBUG_INFO = INCLUDE_SOURCE;
				MTL_FAST_MATH = YES;
				ONLY_ACTIVE_ARCH = YES;
				SDKROOT = iphoneos;
				SWIFT_ACTIVE_COMPILATION_CONDITIONS = DEBUG;
				SWIFT_OPTIMIZATION_LEVEL = "-Onone";
			};
			name = Debug;
		};
		5688B5D929041AA8001759D9 /* Release */ = {
			isa = XCBuildConfiguration;
			buildSettings = {
				ALWAYS_SEARCH_USER_PATHS = NO;
				CLANG_ANALYZER_NONNULL = YES;
				CLANG_ANALYZER_NUMBER_OBJECT_CONVERSION = YES_AGGRESSIVE;
				CLANG_CXX_LANGUAGE_STANDARD = "gnu++17";
				CLANG_CXX_LIBRARY = "libc++";
				CLANG_ENABLE_MODULES = YES;
				CLANG_ENABLE_OBJC_ARC = YES;
				CLANG_ENABLE_OBJC_WEAK = YES;
				CLANG_WARN_BLOCK_CAPTURE_AUTORELEASING = YES;
				CLANG_WARN_BOOL_CONVERSION = YES;
				CLANG_WARN_COMMA = YES;
				CLANG_WARN_CONSTANT_CONVERSION = YES;
				CLANG_WARN_DEPRECATED_OBJC_IMPLEMENTATIONS = YES;
				CLANG_WARN_DIRECT_OBJC_ISA_USAGE = YES_ERROR;
				CLANG_WARN_DOCUMENTATION_COMMENTS = YES;
				CLANG_WARN_EMPTY_BODY = YES;
				CLANG_WARN_ENUM_CONVERSION = YES;
				CLANG_WARN_INFINITE_RECURSION = YES;
				CLANG_WARN_INT_CONVERSION = YES;
				CLANG_WARN_NON_LITERAL_NULL_CONVERSION = YES;
				CLANG_WARN_OBJC_IMPLICIT_RETAIN_SELF = YES;
				CLANG_WARN_OBJC_LITERAL_CONVERSION = YES;
				CLANG_WARN_OBJC_ROOT_CLASS = YES_ERROR;
				CLANG_WARN_QUOTED_INCLUDE_IN_FRAMEWORK_HEADER = YES;
				CLANG_WARN_RANGE_LOOP_ANALYSIS = YES;
				CLANG_WARN_STRICT_PROTOTYPES = YES;
				CLANG_WARN_SUSPICIOUS_MOVE = YES;
				CLANG_WARN_UNGUARDED_AVAILABILITY = YES_AGGRESSIVE;
				CLANG_WARN_UNREACHABLE_CODE = YES;
				CLANG_WARN__DUPLICATE_METHOD_MATCH = YES;
				COPY_PHASE_STRIP = NO;
				DEBUG_INFORMATION_FORMAT = "dwarf-with-dsym";
				ENABLE_NS_ASSERTIONS = NO;
				ENABLE_STRICT_OBJC_MSGSEND = YES;
				GCC_C_LANGUAGE_STANDARD = gnu11;
				GCC_NO_COMMON_BLOCKS = YES;
				GCC_WARN_64_TO_32_BIT_CONVERSION = YES;
				GCC_WARN_ABOUT_RETURN_TYPE = YES_ERROR;
				GCC_WARN_UNDECLARED_SELECTOR = YES;
				GCC_WARN_UNINITIALIZED_AUTOS = YES_AGGRESSIVE;
				GCC_WARN_UNUSED_FUNCTION = YES;
				GCC_WARN_UNUSED_VARIABLE = YES;
				IPHONEOS_DEPLOYMENT_TARGET = 15.2;
				MTL_ENABLE_DEBUG_INFO = NO;
				MTL_FAST_MATH = YES;
				SDKROOT = iphoneos;
				SWIFT_COMPILATION_MODE = wholemodule;
				SWIFT_OPTIMIZATION_LEVEL = "-O";
				VALIDATE_PRODUCT = YES;
			};
			name = Release;
		};
		5688B5DB29041AA8001759D9 /* Debug */ = {
			isa = XCBuildConfiguration;
			buildSettings = {
				ASSETCATALOG_COMPILER_APPICON_NAME = AppIcon;
				ASSETCATALOG_COMPILER_GLOBAL_ACCENT_COLOR_NAME = AccentColor;
				CODE_SIGN_STYLE = Automatic;
				CURRENT_PROJECT_VERSION = 1;
				DEVELOPMENT_ASSET_PATHS = "\"PortfolioApp/Preview Content\"";
				DEVELOPMENT_TEAM = YDF5T83ATT;
				ENABLE_PREVIEWS = YES;
				GENERATE_INFOPLIST_FILE = NO;
				INFOPLIST_FILE = /Users/IslamSWIRA/Downloads/CVs/PortfolioApp/Info.plist;
				INFOPLIST_KEY_UIApplicationSceneManifest_Generation = YES;
				INFOPLIST_KEY_UIApplicationSupportsIndirectInputEvents = YES;
				INFOPLIST_KEY_UILaunchScreen_Generation = YES;
				INFOPLIST_KEY_UISupportedInterfaceOrientations_iPad = "UIInterfaceOrientationPortrait UIInterfaceOrientationPortraitUpsideDown UIInterfaceOrientationLandscapeLeft UIInterfaceOrientationLandscapeRight";
				INFOPLIST_KEY_UISupportedInterfaceOrientations_iPhone = "UIInterfaceOrientationPortrait UIInterfaceOrientationLandscapeLeft UIInterfaceOrientationLandscapeRight";
				LD_RUNPATH_SEARCH_PATHS = (
					"$(inherited)",
					"@executable_path/Frameworks",
				);
				MARKETING_VERSION = 1.0;
				PRODUCT_BUNDLE_IDENTIFIER = com.Swira.PortfolioApp;
				PRODUCT_NAME = "$(TARGET_NAME)";
				SWIFT_EMIT_LOC_STRINGS = YES;
				SWIFT_VERSION = 5.0;
				TARGETED_DEVICE_FAMILY = "1,2";
			};
			name = Debug;
		};
		5688B5DC29041AA8001759D9 /* Release */ = {
			isa = XCBuildConfiguration;
			buildSettings = {
				ASSETCATALOG_COMPILER_APPICON_NAME = AppIcon;
				ASSETCATALOG_COMPILER_GLOBAL_ACCENT_COLOR_NAME = AccentColor;
				CODE_SIGN_STYLE = Automatic;
				CURRENT_PROJECT_VERSION = 1;
				DEVELOPMENT_ASSET_PATHS = "\"PortfolioApp/Preview Content\"";
				DEVELOPMENT_TEAM = YDF5T83ATT;
				ENABLE_PREVIEWS = YES;
				GENERATE_INFOPLIST_FILE = NO;
				INFOPLIST_FILE = /Users/IslamSWIRA/Downloads/CVs/PortfolioApp/Info.plist;
				INFOPLIST_KEY_UIApplicationSceneManifest_Generation = YES;
				INFOPLIST_KEY_UIApplicationSupportsIndirectInputEvents = YES;
				INFOPLIST_KEY_UILaunchScreen_Generation = YES;
				INFOPLIST_KEY_UISupportedInterfaceOrientations_iPad = "UIInterfaceOrientationPortrait UIInterfaceOrientationPortraitUpsideDown UIInterfaceOrientationLandscapeLeft UIInterfaceOrientationLandscapeRight";
				INFOPLIST_KEY_UISupportedInterfaceOrientations_iPhone = "UIInterfaceOrientationPortrait UIInterfaceOrientationLandscapeLeft UIInterfaceOrientationLandscapeRight";
				LD_RUNPATH_SEARCH_PATHS = (
					"$(inherited)",
					"@executable_path/Frameworks",
				);
				MARKETING_VERSION = 1.0;
				PRODUCT_BUNDLE_IDENTIFIER = com.Swira.PortfolioApp;
				PRODUCT_NAME = "$(TARGET_NAME)";
				SWIFT_EMIT_LOC_STRINGS = YES;
				SWIFT_VERSION = 5.0;
				TARGETED_DEVICE_FAMILY = "1,2";
			};
			name = Release;
		};
/* End XCBuildConfiguration section */

/* Begin XCConfigurationList section */
		5688B5C729041AA6001759D9 /* Build configuration list for PBXProject "PortfolioApp" */ = {
			isa = XCConfigurationList;
			buildConfigurations = (
				5688B5D829041AA8001759D9 /* Debug */,
				5688B5D929041AA8001759D9 /* Release */,
			);
			defaultConfigurationIsVisible = 0;
			defaultConfigurationName = Release;
		};
		5688B5DA29041AA8001759D9 /* Build configuration list for PBXNativeTarget "PortfolioApp" */ = {
			isa = XCConfigurationList;
			buildConfigurations = (
				5688B5DB29041AA8001759D9 /* Debug */,
				5688B5DC29041AA8001759D9 /* Release */,
			);
			defaultConfigurationIsVisible = 0;
			defaultConfigurationName = Release;
		};
/* End XCConfigurationList section */
	};
	rootObject = 5688B5C429041AA6001759D9 /* Project object */;
}
